// !$*UTF8*$!
{
	archiveVersion = 1;
	classes = {
	};
	objectVersion = 56;
	objects = {

/* Begin PBXBuildFile section */
		A22BEBEA2B28D9F70014F6ED /* CodeScanner in Frameworks */ = {isa = PBXBuildFile; productRef = A22BEBE92B28D9F70014F6ED /* CodeScanner */; };
		A22BEBEC2B28E9620014F6ED /* ImageSaver.swift in Sources */ = {isa = PBXBuildFile; fileRef = A22BEBEB2B28E9620014F6ED /* ImageSaver.swift */; };
		A23BB53D2B10EF6A009B641B /* example@3x.png in Resources */ = {isa = PBXBuildFile; fileRef = A23BB53C2B10EF6A009B641B /* example@3x.png */; };
		A23BB5402B10FA78009B641B /* SamplePackage in Frameworks */ = {isa = PBXBuildFile; productRef = A23BB53F2B10FA78009B641B /* SamplePackage */; };
		A2D300B22AFEA270004CC3C5 /* HotProspectsApp.swift in Sources */ = {isa = PBXBuildFile; fileRef = A2D300B12AFEA270004CC3C5 /* HotProspectsApp.swift */; };
		A2D300B42AFEA270004CC3C5 /* ContentView.swift in Sources */ = {isa = PBXBuildFile; fileRef = A2D300B32AFEA270004CC3C5 /* ContentView.swift */; };
		A2D300B62AFEA271004CC3C5 /* Assets.xcassets in Resources */ = {isa = PBXBuildFile; fileRef = A2D300B52AFEA271004CC3C5 /* Assets.xcassets */; };
		A2D300B92AFEA271004CC3C5 /* Preview Assets.xcassets in Resources */ = {isa = PBXBuildFile; fileRef = A2D300B82AFEA271004CC3C5 /* Preview Assets.xcassets */; };
		A2FD2B7C2B2799C800D55630 /* ProspectsView.swift in Sources */ = {isa = PBXBuildFile; fileRef = A2FD2B7B2B2799C800D55630 /* ProspectsView.swift */; };
		A2FD2B7E2B2799E300D55630 /* MeView.swift in Sources */ = {isa = PBXBuildFile; fileRef = A2FD2B7D2B2799E300D55630 /* MeView.swift */; };
		A2FD2B802B279E3400D55630 /* Prospect.swift in Sources */ = {isa = PBXBuildFile; fileRef = A2FD2B7F2B279E3400D55630 /* Prospect.swift */; };
/* End PBXBuildFile section */

/* Begin PBXFileReference section */
		A22BEBEB2B28E9620014F6ED /* ImageSaver.swift */ = {isa = PBXFileReference; lastKnownFileType = sourcecode.swift; path = ImageSaver.swift; sourceTree = "<group>"; };
		A23BB53C2B10EF6A009B641B /* example@3x.png */ = {isa = PBXFileReference; lastKnownFileType = image.png; path = "example@3x.png"; sourceTree = "<group>"; };
		A2D300AE2AFEA270004CC3C5 /* HotProspects.app */ = {isa = PBXFileReference; explicitFileType = wrapper.application; includeInIndex = 0; path = HotProspects.app; sourceTree = BUILT_PRODUCTS_DIR; };
		A2D300B12AFEA270004CC3C5 /* HotProspectsApp.swift */ = {isa = PBXFileReference; lastKnownFileType = sourcecode.swift; path = HotProspectsApp.swift; sourceTree = "<group>"; };
		A2D300B32AFEA270004CC3C5 /* ContentView.swift */ = {isa = PBXFileReference; lastKnownFileType = sourcecode.swift; path = ContentView.swift; sourceTree = "<group>"; };
		A2D300B52AFEA271004CC3C5 /* Assets.xcassets */ = {isa = PBXFileReference; lastKnownFileType = folder.assetcatalog; path = Assets.xcassets; sourceTree = "<group>"; };
		A2D300B82AFEA271004CC3C5 /* Preview Assets.xcassets */ = {isa = PBXFileReference; lastKnownFileType = folder.assetcatalog; path = "Preview Assets.xcassets"; sourceTree = "<group>"; };
		A2FD2B7B2B2799C800D55630 /* ProspectsView.swift */ = {isa = PBXFileReference; lastKnownFileType = sourcecode.swift; path = ProspectsView.swift; sourceTree = "<group>"; };
		A2FD2B7D2B2799E300D55630 /* MeView.swift */ = {isa = PBXFileReference; lastKnownFileType = sourcecode.swift; path = MeView.swift; sourceTree = "<group>"; };
		A2FD2B7F2B279E3400D55630 /* Prospect.swift */ = {isa = PBXFileReference; lastKnownFileType = sourcecode.swift; path = Prospect.swift; sourceTree = "<group>"; };
/* End PBXFileReference section */

/* Begin PBXFrameworksBuildPhase section */
		A2D300AB2AFEA270004CC3C5 /* Frameworks */ = {
			isa = PBXFrameworksBuildPhase;
			buildActionMask = 2147483647;
			files = (
				A22BEBEA2B28D9F70014F6ED /* CodeScanner in Frameworks */,
				A23BB5402B10FA78009B641B /* SamplePackage in Frameworks */,
			);
			runOnlyForDeploymentPostprocessing = 0;
		};
/* End PBXFrameworksBuildPhase section */

/* Begin PBXGroup section */
		A2D300A52AFEA270004CC3C5 = {
			isa = PBXGroup;
			children = (
				A2D300B02AFEA270004CC3C5 /* HotProspects */,
				A2D300AF2AFEA270004CC3C5 /* Products */,
			);
			sourceTree = "<group>";
		};
		A2D300AF2AFEA270004CC3C5 /* Products */ = {
			isa = PBXGroup;
			children = (
				A2D300AE2AFEA270004CC3C5 /* HotProspects.app */,
			);
			name = Products;
			sourceTree = "<group>";
		};
		A2D300B02AFEA270004CC3C5 /* HotProspects */ = {
			isa = PBXGroup;
			children = (
				A2D300B12AFEA270004CC3C5 /* HotProspectsApp.swift */,
				A2D300B32AFEA270004CC3C5 /* ContentView.swift */,
				A2FD2B7B2B2799C800D55630 /* ProspectsView.swift */,
				A2FD2B7D2B2799E300D55630 /* MeView.swift */,
				A22BEBEB2B28E9620014F6ED /* ImageSaver.swift */,
				A2D300B52AFEA271004CC3C5 /* Assets.xcassets */,
				A23BB53C2B10EF6A009B641B /* example@3x.png */,
				A2D300B72AFEA271004CC3C5 /* Preview Content */,
				A2FD2B7F2B279E3400D55630 /* Prospect.swift */,
			);
			path = HotProspects;
			sourceTree = "<group>";
		};
		A2D300B72AFEA271004CC3C5 /* Preview Content */ = {
			isa = PBXGroup;
			children = (
				A2D300B82AFEA271004CC3C5 /* Preview Assets.xcassets */,
			);
			path = "Preview Content";
			sourceTree = "<group>";
		};
/* End PBXGroup section */

/* Begin PBXNativeTarget section */
		A2D300AD2AFEA270004CC3C5 /* HotProspects */ = {
			isa = PBXNativeTarget;
			buildConfigurationList = A2D300BC2AFEA271004CC3C5 /* Build configuration list for PBXNativeTarget "HotProspects" */;
			buildPhases = (
				A2D300AA2AFEA270004CC3C5 /* Sources */,
				A2D300AB2AFEA270004CC3C5 /* Frameworks */,
				A2D300AC2AFEA270004CC3C5 /* Resources */,
			);
			buildRules = (
			);
			dependencies = (
			);
			name = HotProspects;
			packageProductDependencies = (
				A23BB53F2B10FA78009B641B /* SamplePackage */,
				A22BEBE92B28D9F70014F6ED /* CodeScanner */,
			);
			productName = HotProspects;
			productReference = A2D300AE2AFEA270004CC3C5 /* HotProspects.app */;
			productType = "com.apple.product-type.application";
		};
/* End PBXNativeTarget section */

/* Begin PBXProject section */
		A2D300A62AFEA270004CC3C5 /* Project object */ = {
			isa = PBXProject;
			attributes = {
				BuildIndependentTargetsInParallel = 1;
				LastSwiftUpdateCheck = 1500;
				LastUpgradeCheck = 1500;
				TargetAttributes = {
					A2D300AD2AFEA270004CC3C5 = {
						CreatedOnToolsVersion = 15.0.1;
					};
				};
			};
			buildConfigurationList = A2D300A92AFEA270004CC3C5 /* Build configuration list for PBXProject "HotProspects" */;
			compatibilityVersion = "Xcode 14.0";
			developmentRegion = en;
			hasScannedForEncodings = 0;
			knownRegions = (
				en,
				Base,
			);
			mainGroup = A2D300A52AFEA270004CC3C5;
			packageReferences = (
				A23BB53E2B10FA78009B641B /* XCRemoteSwiftPackageReference "SamplePackage" */,
				A22BEBE82B28D9F70014F6ED /* XCRemoteSwiftPackageReference "CodeScanner" */,
			);
			productRefGroup = A2D300AF2AFEA270004CC3C5 /* Products */;
			projectDirPath = "";
			projectRoot = "";
			targets = (
				A2D300AD2AFEA270004CC3C5 /* HotProspects */,
			);
		};
/* End PBXProject section */

/* Begin PBXResourcesBuildPhase section */
		A2D300AC2AFEA270004CC3C5 /* Resources */ = {
			isa = PBXResourcesBuildPhase;
			buildActionMask = 2147483647;
			files = (
				A2D300B92AFEA271004CC3C5 /* Preview Assets.xcassets in Resources */,
				A23BB53D2B10EF6A009B641B /* example@3x.png in Resources */,
				A2D300B62AFEA271004CC3C5 /* Assets.xcassets in Resources */,
			);
			runOnlyForDeploymentPostprocessing = 0;
		};
/* End PBXResourcesBuildPhase section */

/* Begin PBXSourcesBuildPhase section */
		A2D300AA2AFEA270004CC3C5 /* Sources */ = {
			isa = PBXSourcesBuildPhase;
			buildActionMask = 2147483647;
			files = (
				A2FD2B7E2B2799E300D55630 /* MeView.swift in Sources */,
				A22BEBEC2B28E9620014F6ED /* ImageSaver.swift in Sources */,
				A2FD2B802B279E3400D55630 /* Prospect.swift in Sources */,
				A2FD2B7C2B2799C800D55630 /* ProspectsView.swift in Sources */,
				A2D300B42AFEA270004CC3C5 /* ContentView.swift in Sources */,
				A2D300B22AFEA270004CC3C5 /* HotProspectsApp.swift in Sources */,
			);
			runOnlyForDeploymentPostprocessing = 0;
		};
/* End PBXSourcesBuildPhase section */

/* Begin XCBuildConfiguration section */
		A2D300BA2AFEA271004CC3C5 /* Debug */ = {
			isa = XCBuildConfiguration;
			buildSettings = {
				ALWAYS_SEARCH_USER_PATHS = NO;
				ASSETCATALOG_COMPILER_GENERATE_SWIFT_ASSET_SYMBOL_EXTENSIONS = YES;
				CLANG_ANALYZER_NONNULL = YES;
				CLANG_ANALYZER_NUMBER_OBJECT_CONVERSION = YES_AGGRESSIVE;
				CLANG_CXX_LANGUAGE_STANDARD = "gnu++20";
				CLANG_ENABLE_MODULES = YES;
				CLANG_ENABLE_OBJC_ARC = YES;
				CLANG_ENABLE_OBJC_WEAK = YES;
				CLANG_WARN_BLOCK_CAPTURE_AUTORELEASING = YES;
				CLANG_WARN_BOOL_CONVERSION = YES;
				CLANG_WARN_COMMA = YES;
				CLANG_WARN_CONSTANT_CONVERSION = YES;
				CLANG_WARN_DEPRECATED_OBJC_IMPLEMENTATIONS = YES;
				CLANG_WARN_DIRECT_OBJC_ISA_USAGE = YES_ERROR;
				CLANG_WARN_DOCUMENTATION_COMMENTS = YES;
				CLANG_WARN_EMPTY_BODY = YES;
				CLANG_WARN_ENUM_CONVERSION = YES;
				CLANG_WARN_INFINITE_RECURSION = YES;
				CLANG_WARN_INT_CONVERSION = YES;
				CLANG_WARN_NON_LITERAL_NULL_CONVERSION = YES;
				CLANG_WARN_OBJC_IMPLICIT_RETAIN_SELF = YES;
				CLANG_WARN_OBJC_LITERAL_CONVERSION = YES;
				CLANG_WARN_OBJC_ROOT_CLASS = YES_ERROR;
				CLANG_WARN_QUOTED_INCLUDE_IN_FRAMEWORK_HEADER = YES;
				CLANG_WARN_RANGE_LOOP_ANALYSIS = YES;
				CLANG_WARN_STRICT_PROTOTYPES = YES;
				CLANG_WARN_SUSPICIOUS_MOVE = YES;
				CLANG_WARN_UNGUARDED_AVAILABILITY = YES_AGGRESSIVE;
				CLANG_WARN_UNREACHABLE_CODE = YES;
				CLANG_WARN__DUPLICATE_METHOD_MATCH = YES;
				COPY_PHASE_STRIP = NO;
				DEBUG_INFORMATION_FORMAT = dwarf;
				ENABLE_STRICT_OBJC_MSGSEND = YES;
				ENABLE_TESTABILITY = YES;
				ENABLE_USER_SCRIPT_SANDBOXING = YES;
				GCC_C_LANGUAGE_STANDARD = gnu17;
				GCC_DYNAMIC_NO_PIC = NO;
				GCC_NO_COMMON_BLOCKS = YES;
				GCC_OPTIMIZATION_LEVEL = 0;
				GCC_PREPROCESSOR_DEFINITIONS = (
					"DEBUG=1",
					"$(inherited)",
				);
				GCC_WARN_64_TO_32_BIT_CONVERSION = YES;
				GCC_WARN_ABOUT_RETURN_TYPE = YES_ERROR;
				GCC_WARN_UNDECLARED_SELECTOR = YES;
				GCC_WARN_UNINITIALIZED_AUTOS = YES_AGGRESSIVE;
				GCC_WARN_UNUSED_FUNCTION = YES;
				GCC_WARN_UNUSED_VARIABLE = YES;
				IPHONEOS_DEPLOYMENT_TARGET = 17.0;
				LOCALIZATION_PREFERS_STRING_CATALOGS = YES;
				MTL_ENABLE_DEBUG_INFO = INCLUDE_SOURCE;
				MTL_FAST_MATH = YES;
				ONLY_ACTIVE_ARCH = YES;
				SDKROOT = iphoneos;
				SWIFT_ACTIVE_COMPILATION_CONDITIONS = "DEBUG $(inherited)";
				SWIFT_OPTIMIZATION_LEVEL = "-Onone";
			};
			name = Debug;
		};
		A2D300BB2AFEA271004CC3C5 /* Release */ = {
			isa = XCBuildConfiguration;
			buildSettings = {
				ALWAYS_SEARCH_USER_PATHS = NO;
				ASSETCATALOG_COMPILER_GENERATE_SWIFT_ASSET_SYMBOL_EXTENSIONS = YES;
				CLANG_ANALYZER_NONNULL = YES;
				CLANG_ANALYZER_NUMBER_OBJECT_CONVERSION = YES_AGGRESSIVE;
				CLANG_CXX_LANGUAGE_STANDARD = "gnu++20";
				CLANG_ENABLE_MODULES = YES;
				CLANG_ENABLE_OBJC_ARC = YES;
				CLANG_ENABLE_OBJC_WEAK = YES;
				CLANG_WARN_BLOCK_CAPTURE_AUTORELEASING = YES;
				CLANG_WARN_BOOL_CONVERSION = YES;
				CLANG_WARN_COMMA = YES;
				CLANG_WARN_CONSTANT_CONVERSION = YES;
				CLANG_WARN_DEPRECATED_OBJC_IMPLEMENTATIONS = YES;
				CLANG_WARN_DIRECT_OBJC_ISA_USAGE = YES_ERROR;
				CLANG_WARN_DOCUMENTATION_COMMENTS = YES;
				CLANG_WARN_EMPTY_BODY = YES;
				CLANG_WARN_ENUM_CONVERSION = YES;
				CLANG_WARN_INFINITE_RECURSION = YES;
				CLANG_WARN_INT_CONVERSION = YES;
				CLANG_WARN_NON_LITERAL_NULL_CONVERSION = YES;
				CLANG_WARN_OBJC_IMPLICIT_RETAIN_SELF = YES;
				CLANG_WARN_OBJC_LITERAL_CONVERSION = YES;
				CLANG_WARN_OBJC_ROOT_CLASS = YES_ERROR;
				CLANG_WARN_QUOTED_INCLUDE_IN_FRAMEWORK_HEADER = YES;
				CLANG_WARN_RANGE_LOOP_ANALYSIS = YES;
				CLANG_WARN_STRICT_PROTOTYPES = YES;
				CLANG_WARN_SUSPICIOUS_MOVE = YES;
				CLANG_WARN_UNGUARDED_AVAILABILITY = YES_AGGRESSIVE;
				CLANG_WARN_UNREACHABLE_CODE = YES;
				CLANG_WARN__DUPLICATE_METHOD_MATCH = YES;
				COPY_PHASE_STRIP = NO;
				DEBUG_INFORMATION_FORMAT = "dwarf-with-dsym";
				ENABLE_NS_ASSERTIONS = NO;
				ENABLE_STRICT_OBJC_MSGSEND = YES;
				ENABLE_USER_SCRIPT_SANDBOXING = YES;
				GCC_C_LANGUAGE_STANDARD = gnu17;
				GCC_NO_COMMON_BLOCKS = YES;
				GCC_WARN_64_TO_32_BIT_CONVERSION = YES;
				GCC_WARN_ABOUT_RETURN_TYPE = YES_ERROR;
				GCC_WARN_UNDECLARED_SELECTOR = YES;
				GCC_WARN_UNINITIALIZED_AUTOS = YES_AGGRESSIVE;
				GCC_WARN_UNUSED_FUNCTION = YES;
				GCC_WARN_UNUSED_VARIABLE = YES;
				IPHONEOS_DEPLOYMENT_TARGET = 17.0;
				LOCALIZATION_PREFERS_STRING_CATALOGS = YES;
				MTL_ENABLE_DEBUG_INFO = NO;
				MTL_FAST_MATH = YES;
				SDKROOT = iphoneos;
				SWIFT_COMPILATION_MODE = wholemodule;
				VALIDATE_PRODUCT = YES;
			};
			name = Release;
		};
		A2D300BD2AFEA271004CC3C5 /* Debug */ = {
			isa = XCBuildConfiguration;
			buildSettings = {
				ASSETCATALOG_COMPILER_APPICON_NAME = AppIcon;
				ASSETCATALOG_COMPILER_GLOBAL_ACCENT_COLOR_NAME = AccentColor;
				CODE_SIGN_STYLE = Automatic;
				CURRENT_PROJECT_VERSION = 1;
				DEVELOPMENT_ASSET_PATHS = "\"HotProspects/Preview Content\"";
				DEVELOPMENT_TEAM = 495DRW5GJL;
				ENABLE_PREVIEWS = YES;
				GENERATE_INFOPLIST_FILE = YES;
				INFOPLIST_KEY_NSCameraUsageDescription = "We need to scan QR code";
				INFOPLIST_KEY_NSPhotoLibraryAddUsageDescription = "We want to save your QR code.";
				INFOPLIST_KEY_UIApplicationSceneManifest_Generation = YES;
				INFOPLIST_KEY_UIApplicationSupportsIndirectInputEvents = YES;
				INFOPLIST_KEY_UILaunchScreen_Generation = YES;
				INFOPLIST_KEY_UISupportedInterfaceOrientations_iPad = "UIInterfaceOrientationPortrait UIInterfaceOrientationPortraitUpsideDown UIInterfaceOrientationLandscapeLeft UIInterfaceOrientationLandscapeRight";
				INFOPLIST_KEY_UISupportedInterfaceOrientations_iPhone = "UIInterfaceOrientationPortrait UIInterfaceOrientationLandscapeLeft UIInterfaceOrientationLandscapeRight";
				LD_RUNPATH_SEARCH_PATHS = (
					"$(inherited)",
					"@executable_path/Frameworks",
				);
				MARKETING_VERSION = 1.0;
				PRODUCT_BUNDLE_IDENTIFIER = gq.tiendamarino.HotProspects;
				PRODUCT_NAME = "$(TARGET_NAME)";
				SWIFT_EMIT_LOC_STRINGS = YES;
				SWIFT_VERSION = 5.0;
				TARGETED_DEVICE_FAMILY = "1,2";
			};
			name = Debug;
		};
		A2D300BE2AFEA271004CC3C5 /* Release */ = {
			isa = XCBuildConfiguration;
			buildSettings = {
				ASSETCATALOG_COMPILER_APPICON_NAME = AppIcon;
				ASSETCATALOG_COMPILER_GLOBAL_ACCENT_COLOR_NAME = AccentColor;
				CODE_SIGN_STYLE = Automatic;
				CURRENT_PROJECT_VERSION = 1;
				DEVELOPMENT_ASSET_PATHS = "\"HotProspects/Preview Content\"";
				DEVELOPMENT_TEAM = 495DRW5GJL;
				ENABLE_PREVIEWS = YES;
				GENERATE_INFOPLIST_FILE = YES;
				INFOPLIST_KEY_NSCameraUsageDescription = "We need to scan QR code";
				INFOPLIST_KEY_NSPhotoLibraryAddUsageDescription = "We want to save your QR code.";
				INFOPLIST_KEY_UIApplicationSceneManifest_Generation = YES;
				INFOPLIST_KEY_UIApplicationSupportsIndirectInputEvents = YES;
				INFOPLIST_KEY_UILaunchScreen_Generation = YES;
				INFOPLIST_KEY_UISupportedInterfaceOrientations_iPad = "UIInterfaceOrientationPortrait UIInterfaceOrientationPortraitUpsideDown UIInterfaceOrientationLandscapeLeft UIInterfaceOrientationLandscapeRight";
				INFOPLIST_KEY_UISupportedInterfaceOrientations_iPhone = "UIInterfaceOrientationPortrait UIInterfaceOrientationLandscapeLeft UIInterfaceOrientationLandscapeRight";
				LD_RUNPATH_SEARCH_PATHS = (
					"$(inherited)",
					"@executable_path/Frameworks",
				);
				MARKETING_VERSION = 1.0;
				PRODUCT_BUNDLE_IDENTIFIER = gq.tiendamarino.HotProspects;
				PRODUCT_NAME = "$(TARGET_NAME)";
				SWIFT_EMIT_LOC_STRINGS = YES;
				SWIFT_VERSION = 5.0;
				TARGETED_DEVICE_FAMILY = "1,2";
			};
			name = Release;
		};
/* End XCBuildConfiguration section */

/* Begin XCConfigurationList section */
		A2D300A92AFEA270004CC3C5 /* Build configuration list for PBXProject "HotProspects" */ = {
			isa = XCConfigurationList;
			buildConfigurations = (
				A2D300BA2AFEA271004CC3C5 /* Debug */,
				A2D300BB2AFEA271004CC3C5 /* Release */,
			);
			defaultConfigurationIsVisible = 0;
			defaultConfigurationName = Release;
		};
		A2D300BC2AFEA271004CC3C5 /* Build configuration list for PBXNativeTarget "HotProspects" */ = {
			isa = XCConfigurationList;
			buildConfigurations = (
				A2D300BD2AFEA271004CC3C5 /* Debug */,
				A2D300BE2AFEA271004CC3C5 /* Release */,
			);
			defaultConfigurationIsVisible = 0;
			defaultConfigurationName = Release;
		};
/* End XCConfigurationList section */

/* Begin XCRemoteSwiftPackageReference section */
		A22BEBE82B28D9F70014F6ED /* XCRemoteSwiftPackageReference "CodeScanner" */ = {
			isa = XCRemoteSwiftPackageReference;
			repositoryURL = "https://github.com/twostraws/CodeScanner";
			requirement = {
				kind = upToNextMajorVersion;
				minimumVersion = 2.3.3;
			};
		};
		A23BB53E2B10FA78009B641B /* XCRemoteSwiftPackageReference "SamplePackage" */ = {
			isa = XCRemoteSwiftPackageReference;
			repositoryURL = "https://github.com/twostraws/SamplePackage";
			requirement = {
				kind = upToNextMajorVersion;
				minimumVersion = 1.0.0;
			};
		};
/* End XCRemoteSwiftPackageReference section */

/* Begin XCSwiftPackageProductDependency section */
		A22BEBE92B28D9F70014F6ED /* CodeScanner */ = {
			isa = XCSwiftPackageProductDependency;
			package = A22BEBE82B28D9F70014F6ED /* XCRemoteSwiftPackageReference "CodeScanner" */;
			productName = CodeScanner;
		};
		A23BB53F2B10FA78009B641B /* SamplePackage */ = {
			isa = XCSwiftPackageProductDependency;
			package = A23BB53E2B10FA78009B641B /* XCRemoteSwiftPackageReference "SamplePackage" */;
			productName = SamplePackage;
		};
/* End XCSwiftPackageProductDependency section */
	};
	rootObject = A2D300A62AFEA270004CC3C5 /* Project object */;
}
